
Microsoft Visual Studio Solution File, Format Version 12.00
# Visual Studio Version 17
VisualStudioVersion = 17.14.36221.1 d17.14
MinimumVisualStudioVersion = 10.0.40219.1
Project("{FAE04EC0-301F-11D3-BF4B-00C04F79EFBC}") = "CollegeSchedule", "CollegeSchedule.csproj", "{AA22BB01-3639-4688-886C-173AC29CCCEA}"
EndProject
Global
	GlobalSection(SolutionConfigurationPlatforms) = preSolution
		Debug|Any CPU = Debug|Any CPU
		Release|Any CPU = Release|Any CPU
	EndGlobalSection
	GlobalSection(ProjectConfigurationPlatforms) = postSolution
		{AA22BB01-3639-4688-886C-173AC29CCCEA}.Debug|Any CPU.ActiveCfg = Debug|Any CPU
		{AA22BB01-3639-4688-886C-173AC29CCCEA}.Debug|Any CPU.Build.0 = Debug|Any CPU
		{AA22BB01-3639-4688-886C-173AC29CCCEA}.Release|Any CPU.ActiveCfg = Release|Any CPU
		{AA22BB01-3639-4688-886C-173AC29CCCEA}.Release|Any CPU.Build.0 = Release|Any CPU
	EndGlobalSection
	GlobalSection(SolutionProperties) = preSolution
		HideSolutionNode = FALSE
	EndGlobalSection
	GlobalSection(ExtensibilityGlobals) = postSolution
		SolutionGuid = {DA46AAA0-01A0-475C-AA14-1FEC8A48506D}
	EndGlobalSection
EndGlobal
